# This file is automatically @generated by Poetry 1.7.1 and should not be changed by hand.

[[package]]
name = "gitignore-parser"
version = "0.1.11"
description = "A spec-compliant gitignore parser for Python 3.5+"
optional = false
python-versions = "*"
files = [
    {file = "gitignore_parser-0.1.11.tar.gz", hash = "sha256:fa10fde48b44888eeefac096f53bcdad9b87a4ffd7db788558dbdf71ff3bc9db"},
]

[metadata]
lock-version = "2.0"
python-versions = "^3.10"
content-hash = "0dd61f6e8b2e8ba435d071396048a1802e8d7f88116da51af4accf8ffe40b60d"
